{
    "name": "mwng",
    "version": "1.0.0",
    "lockfileVersion": 1,
    "requires": true,
    "dependencies": {
        "clean-css": {
            "version": "4.1.8",
            "resolved": "https://registry.npmjs.org/clean-css/-/clean-css-4.1.8.tgz",
            "integrity": "sha1-BhRVsklKdQrJj0bY1euxfGeeqdE=",
            "requires": {
                "source-map": "0.5.7"
            }
        },
        "commander": {
            "version": "2.11.0",
            "resolved": "https://registry.npmjs.org/commander/-/commander-2.11.0.tgz",
            "integrity": "sha512-b0553uYA5YAEGgyYIGYROzKQ7X5RAqedkfjiZxwi0kL1g3bOaBNNZfYkzt/CL0umgD5wc9Jec2FbB98CjkMRvQ=="
        },
        "express-minify": {
            "version": "1.0.0",
            "resolved": "https://registry.npmjs.org/express-minify/-/express-minify-1.0.0.tgz",
            "integrity": "sha512-04/iYxB79jGeNZBBkbAW7L7FMG4Wtu78F1SayXIKiJD6MfqYnOI3DD8no7QOntgedYCdYUpj+Skg8QWR/2WnMQ==",
            "requires": {
                "clean-css": "4.1.8",
                "on-headers": "1.0.1",
                "uglify-js": "3.0.28"
            }
        },
        "on-headers": {
            "version": "1.0.1",
            "resolved": "https://registry.npmjs.org/on-headers/-/on-headers-1.0.1.tgz",
            "integrity": "sha1-ko9dD0cNSTQmUepnlLCFfBAGk/c="
        },
        "source-map": {
            "version": "0.5.7",
            "resolved": "https://registry.npmjs.org/source-map/-/source-map-0.5.7.tgz",
            "integrity": "sha1-igOdLRAh0i0eoUyA2OpGi6LvP8w="
        },
        "uglify-js": {
            "version": "3.0.28",
            "resolved": "https://registry.npmjs.org/uglify-js/-/uglify-js-3.0.28.tgz",
            "integrity": "sha512-0h/qGay016GG2lVav3Kz174F3T2Vjlz2v6HCt+WDQpoXfco0hWwF5gHK9yh88mUYvIC+N7Z8NT8WpjSp1yoqGA==",
            "requires": {
                "commander": "2.11.0",
                "source-map": "0.5.7"
            }
        }
    }
}
